
Microsoft Visual Studio Solution File, Format Version 12.00
# Visual Studio 2013
VisualStudioVersion = 12.0.30723.0
MinimumVisualStudioVersion = 10.0.40219.1
Project("{FAE04EC0-301F-11D3-BF4B-00C04F79EFBC}") = "HostR", "HostR\HostR.csproj", "{4B8D995D-2271-4A72-910A-0B36E4FBDD49}"
EndProject
Project("{2150E333-8FDC-42A3-9474-1A3956D46DE8}") = "Solution Items", "Solution Items", "{D5CB2C77-9AEA-4610-BF54-42DB1FA7E154}"
	ProjectSection(SolutionItems) = preProject
		.gitattributes = .gitattributes
		.gitignore = .gitignore
		Build.ps1 = Build.ps1
		Deploy.ps1 = Deploy.ps1
		HostR.nuspec = HostR.nuspec
		IncrementVersion.ps1 = IncrementVersion.ps1
		README.md = README.md
		ResetAssemblyInfos.ps1 = ResetAssemblyInfos.ps1
	EndProjectSection
EndProject
Project("{2150E333-8FDC-42A3-9474-1A3956D46DE8}") = ".nuget", ".nuget", "{BE77F36B-558D-4359-B6A7-754FCC70B7FA}"
	ProjectSection(SolutionItems) = preProject
		.nuget\NuGet.targets = .nuget\NuGet.targets
	EndProjectSection
EndProject
Project("{FAE04EC0-301F-11D3-BF4B-00C04F79EFBC}") = "HostR.UnitTests", "HostR.UnitTests\HostR.UnitTests.csproj", "{D87FB1E5-C7C9-461C-A3BC-E2C73C616B2D}"
EndProject
Project("{FAE04EC0-301F-11D3-BF4B-00C04F79EFBC}") = "HostR.IntegrationTests", "HostR.IntegrationTests\HostR.IntegrationTests.csproj", "{403A6A3E-0376-4148-8D6A-7DAC707F7B1A}"
EndProject
Project("{FAE04EC0-301F-11D3-BF4B-00C04F79EFBC}") = "HostR.Agent", "HostR.Agent\HostR.Agent.csproj", "{60F69AEC-FA4E-4A51-BC61-D34FE4704CDE}"
EndProject
Project("{FAE04EC0-301F-11D3-BF4B-00C04F79EFBC}") = "HostR.Web", "HostR.Web\HostR.Web.csproj", "{CD754075-CE0D-4657-A246-4F26B4ADB7BE}"
EndProject
Project("{FAE04EC0-301F-11D3-BF4B-00C04F79EFBC}") = "HostR.BasicService", "HostR.BasicService\HostR.BasicService.csproj", "{E7FC91F7-11D7-4674-B2E9-6C6D07E319D2}"
EndProject
Global
	GlobalSection(SolutionConfigurationPlatforms) = preSolution
		Debug|Any CPU = Debug|Any CPU
		Release|Any CPU = Release|Any CPU
	EndGlobalSection
	GlobalSection(ProjectConfigurationPlatforms) = postSolution
		{4B8D995D-2271-4A72-910A-0B36E4FBDD49}.Debug|Any CPU.ActiveCfg = Debug|Any CPU
		{4B8D995D-2271-4A72-910A-0B36E4FBDD49}.Debug|Any CPU.Build.0 = Debug|Any CPU
		{4B8D995D-2271-4A72-910A-0B36E4FBDD49}.Release|Any CPU.ActiveCfg = Release|Any CPU
		{4B8D995D-2271-4A72-910A-0B36E4FBDD49}.Release|Any CPU.Build.0 = Release|Any CPU
		{D87FB1E5-C7C9-461C-A3BC-E2C73C616B2D}.Debug|Any CPU.ActiveCfg = Debug|Any CPU
		{D87FB1E5-C7C9-461C-A3BC-E2C73C616B2D}.Debug|Any CPU.Build.0 = Debug|Any CPU
		{D87FB1E5-C7C9-461C-A3BC-E2C73C616B2D}.Release|Any CPU.ActiveCfg = Release|Any CPU
		{D87FB1E5-C7C9-461C-A3BC-E2C73C616B2D}.Release|Any CPU.Build.0 = Release|Any CPU
		{403A6A3E-0376-4148-8D6A-7DAC707F7B1A}.Debug|Any CPU.ActiveCfg = Debug|Any CPU
		{403A6A3E-0376-4148-8D6A-7DAC707F7B1A}.Debug|Any CPU.Build.0 = Debug|Any CPU
		{403A6A3E-0376-4148-8D6A-7DAC707F7B1A}.Release|Any CPU.ActiveCfg = Release|Any CPU
		{403A6A3E-0376-4148-8D6A-7DAC707F7B1A}.Release|Any CPU.Build.0 = Release|Any CPU
		{60F69AEC-FA4E-4A51-BC61-D34FE4704CDE}.Debug|Any CPU.ActiveCfg = Debug|Any CPU
		{60F69AEC-FA4E-4A51-BC61-D34FE4704CDE}.Debug|Any CPU.Build.0 = Debug|Any CPU
		{60F69AEC-FA4E-4A51-BC61-D34FE4704CDE}.Release|Any CPU.ActiveCfg = Release|Any CPU
		{60F69AEC-FA4E-4A51-BC61-D34FE4704CDE}.Release|Any CPU.Build.0 = Release|Any CPU
		{CD754075-CE0D-4657-A246-4F26B4ADB7BE}.Debug|Any CPU.ActiveCfg = Debug|Any CPU
		{CD754075-CE0D-4657-A246-4F26B4ADB7BE}.Debug|Any CPU.Build.0 = Debug|Any CPU
		{CD754075-CE0D-4657-A246-4F26B4ADB7BE}.Release|Any CPU.ActiveCfg = Release|Any CPU
		{CD754075-CE0D-4657-A246-4F26B4ADB7BE}.Release|Any CPU.Build.0 = Release|Any CPU
		{E7FC91F7-11D7-4674-B2E9-6C6D07E319D2}.Debug|Any CPU.ActiveCfg = Debug|Any CPU
		{E7FC91F7-11D7-4674-B2E9-6C6D07E319D2}.Debug|Any CPU.Build.0 = Debug|Any CPU
		{E7FC91F7-11D7-4674-B2E9-6C6D07E319D2}.Release|Any CPU.ActiveCfg = Release|Any CPU
		{E7FC91F7-11D7-4674-B2E9-6C6D07E319D2}.Release|Any CPU.Build.0 = Release|Any CPU
	EndGlobalSection
	GlobalSection(SolutionProperties) = preSolution
		HideSolutionNode = FALSE
	EndGlobalSection
EndGlobal
